<?xml version="1.0" encoding="utf-8"?>
<Project ToolsVersion="4.0" xmlns="http://schemas.microsoft.com/developer/msbuild/2003">
  <ItemGroup>
    <Filter Include="Source Files">
      <UniqueIdentifier>{4FC737F1-C7A5-4376-A066-2A32D752A2FF}</UniqueIdentifier>
      <Extensions>cpp;cxx;c;def</Extensions>
    </Filter>
    <Filter Include="Header Files">
      <UniqueIdentifier>{93995380-89BD-4b04-88EB-625FBE52EBFB}</UniqueIdentifier>
      <Extensions>h</Extensions>
    </Filter>
    <Filter Include="Form Files">
      <UniqueIdentifier>{99349809-55BA-4b9d-BF79-8FDBB0286EB3}</UniqueIdentifier>
      <Extensions>ui</Extensions>
    </Filter>
    <Filter Include="Resource Files">
      <UniqueIdentifier>{D9D6E242-F8AF-46E4-B9FD-80ECBC20BA3E}</UniqueIdentifier>
      <Extensions>qrc;*</Extensions>
      <ParseFiles>false</ParseFiles>
    </Filter>
    <Filter Include="Generated Files">
      <UniqueIdentifier>{71ED8ED8-ACB9-4CE9-BBE1-E00B30144E11}</UniqueIdentifier>
      <Extensions>moc;h;cpp</Extensions>
      <SourceControlFiles>False</SourceControlFiles>
    </Filter>
    <Filter Include="Generated Files\Debug">
      <UniqueIdentifier>{fa7ef313-9523-45c7-8232-5f862f340bf4}</UniqueIdentifier>
      <Extensions>cpp;moc</Extensions>
      <SourceControlFiles>False</SourceControlFiles>
    </Filter>
    <Filter Include="Generated Files\Release">
      <UniqueIdentifier>{33cca226-6207-48b2-b44b-ff15450fd24b}</UniqueIdentifier>
      <Extensions>cpp;moc</Extensions>
      <SourceControlFiles>False</SourceControlFiles>
    </Filter>
    <Filter Include="Main">
      <UniqueIdentifier>{b47dcfaa-31ed-4be2-9980-2b916406b77a}</UniqueIdentifier>
    </Filter>
    <Filter Include="Settings">
      <UniqueIdentifier>{1f39bb50-8625-4ed5-8e60-0ce4cdcc19d6}</UniqueIdentifier>
    </Filter>
    <Filter Include="VideoTalk">
      <UniqueIdentifier>{78a53aeb-a1a7-426a-bbcc-789436dbaf7b}</UniqueIdentifier>
    </Filter>
    <Filter Include="Base">
      <UniqueIdentifier>{b9b5f90f-6659-4293-9a6c-09e206fd7d7b}</UniqueIdentifier>
    </Filter>
    <Filter Include="Config">
      <UniqueIdentifier>{2f9315fd-e941-4425-9223-a008365c58e2}</UniqueIdentifier>
    </Filter>
    <Filter Include="Model">
      <UniqueIdentifier>{bb665cbe-8a49-4aab-9dca-2772cdf91b0c}</UniqueIdentifier>
    </Filter>
    <Filter Include="Signal">
      <UniqueIdentifier>{38135d81-734b-4a0c-9c99-b941e8eb9a95}</UniqueIdentifier>
    </Filter>
    <Filter Include="UI">
      <UniqueIdentifier>{d66c2f79-416a-4af3-b557-16f7f0189b86}</UniqueIdentifier>
    </Filter>
    <Filter Include="Delegate">
      <UniqueIdentifier>{92a00dc4-87f4-4651-82e6-2641db22beb8}</UniqueIdentifier>
    </Filter>
    <Filter Include="AudioHook">
      <UniqueIdentifier>{9bda6894-c0bb-4edc-9b13-2fb3a22d9cda}</UniqueIdentifier>
    </Filter>
    <Filter Include="SoftWareInfo">
      <UniqueIdentifier>{653f3ac6-7cab-46a3-aaf0-3166bbdff8db}</UniqueIdentifier>
    </Filter>
    <Filter Include="Translation Files">
      <UniqueIdentifier>{639EADAA-A684-42e4-A9AD-28FC9BCB8F7C}</UniqueIdentifier>
      <Extensions>ts</Extensions>
      <ParseFiles>false</ParseFiles>
    </Filter>
    <Filter Include="translate_qm">
      <UniqueIdentifier>{2c55bc01-6f9d-4493-aec4-241e4ae2edc7}</UniqueIdentifier>
    </Filter>
  </ItemGroup>
  <ItemGroup>
    <ClCompile Include="main.cpp">
      <Filter>Source Files</Filter>
    </ClCompile>
    <ClCompile Include="GeneratedFiles\qrc_ZegoMainDialog.cpp">
      <Filter>Generated Files</Filter>
    </ClCompile>
    <ClCompile Include="Dialog\ZegoMainDialog.cpp">
      <Filter>Main</Filter>
    </ClCompile>
    <ClCompile Include="Dialog\ZegoVideoTalkDialog.cpp">
      <Filter>VideoTalk</Filter>
    </ClCompile>
    <ClCompile Include="Dialog\ZegoSettingsDialog.cpp">
      <Filter>Settings</Filter>
    </ClCompile>
    <ClCompile Include="ZegoVideoTalkDemo.cpp">
      <Filter>Source Files</Filter>
    </ClCompile>
    <ClCompile Include="Base\ZegoBase.cpp">
      <Filter>Base</Filter>
    </ClCompile>
    <ClCompile Include="Config\ZegoUserConfig.cpp">
      <Filter>Config</Filter>
    </ClCompile>
    <ClCompile Include="Model\ZegoRoomModel.cpp">
      <Filter>Model</Filter>
    </ClCompile>
    <ClCompile Include="Model\ZegoRoomMsgModel.cpp">
      <Filter>Model</Filter>
    </ClCompile>
    <ClCompile Include="Model\ZegoStreamModel.cpp">
      <Filter>Model</Filter>
    </ClCompile>
    <ClCompile Include="Model\ZegoUserModel.cpp">
      <Filter>Model</Filter>
    </ClCompile>
    <ClCompile Include="Model\ZegoSettingsModel.cpp">
      <Filter>Model</Filter>
    </ClCompile>
    <ClCompile Include="Signal\ZegoSDKSignal.cpp">
      <Filter>Signal</Filter>
    </ClCompile>
    <ClCompile Include="GeneratedFiles\qrc_style.cpp">
      <Filter>Generated Files</Filter>
    </ClCompile>
    <ClCompile Include="UI\ZegoAVView.cpp">
      <Filter>UI</Filter>
    </ClCompile>
    <ClCompile Include="UI\ZegoMircophone.cpp">
      <Filter>UI</Filter>
    </ClCompile>
    <ClCompile Include="Delegate\NoFocusFrameDelegate.cpp">
      <Filter>Delegate</Filter>
    </ClCompile>
    <ClCompile Include="Dialog\ZegoMusicHookDialog.cpp">
      <Filter>AudioHook</Filter>
    </ClCompile>
    <ClCompile Include="SoftWareInfo\ZegoSoftWareInfo.cpp">
      <Filter>SoftWareInfo</Filter>
    </ClCompile>
    <ClCompile Include="UI\ZegoLogLabel.cpp">
      <Filter>UI</Filter>
    </ClCompile>
    <ClCompile Include="GeneratedFiles\Release\moc_NoFocusFrameDelegate.cpp">
      <Filter>Generated Files\Release</Filter>
    </ClCompile>
    <ClCompile Include="GeneratedFiles\Release\moc_ZegoAVView.cpp">
      <Filter>Generated Files\Release</Filter>
    </ClCompile>
    <ClCompile Include="GeneratedFiles\Release\moc_ZegoLogLabel.cpp">
      <Filter>Generated Files\Release</Filter>
    </ClCompile>
    <ClCompile Include="GeneratedFiles\Release\moc_ZegoMainDialog.cpp">
      <Filter>Generated Files\Release</Filter>
    </ClCompile>
    <ClCompile Include="GeneratedFiles\Release\moc_ZegoMircophone.cpp">
      <Filter>Generated Files\Release</Filter>
    </ClCompile>
    <ClCompile Include="GeneratedFiles\Release\moc_ZegoMusicHookDialog.cpp">
      <Filter>Generated Files\Release</Filter>
    </ClCompile>
    <ClCompile Include="GeneratedFiles\Release\moc_ZegoSDKSignal.cpp">
      <Filter>Generated Files\Release</Filter>
    </ClCompile>
    <ClCompile Include="GeneratedFiles\Release\moc_ZegoSettingsDialog.cpp">
      <Filter>Generated Files\Release</Filter>
    </ClCompile>
    <ClCompile Include="GeneratedFiles\Release\moc_ZegoVideoTalkDialog.cpp">
      <Filter>Generated Files\Release</Filter>
    </ClCompile>
  </ItemGroup>
  <ItemGroup>
    <CustomBuild Include="ZegoMainDialog.ui">
      <Filter>Form Files</Filter>
    </CustomBuild>
    <CustomBuild Include="ZegoMainDialog.qrc">
      <Filter>Resource Files</Filter>
    </CustomBuild>
    <CustomBuild Include="ZegoSettingsDialog.ui">
      <Filter>Form Files</Filter>
    </CustomBuild>
    <CustomBuild Include="ZegoVideoTalkDialog.ui">
      <Filter>Form Files</Filter>
    </CustomBuild>
    <CustomBuild Include="Dialog\ZegoMainDialog.h">
      <Filter>Main</Filter>
    </CustomBuild>
    <CustomBuild Include="Signal\ZegoSDKSignal.h">
      <Filter>Signal</Filter>
    </CustomBuild>
    <CustomBuild Include="Dialog\ZegoSettingsDialog.h">
      <Filter>Settings</Filter>
    </CustomBuild>
    <CustomBuild Include="style.qrc">
      <Filter>Resource Files</Filter>
    </CustomBuild>
    <CustomBuild Include="Dialog\ZegoVideoTalkDialog.h">
      <Filter>VideoTalk</Filter>
    </CustomBuild>
    <CustomBuild Include="UI\ZegoAVView.h">
      <Filter>UI</Filter>
    </CustomBuild>
    <CustomBuild Include="UI\ZegoMircophone.h">
      <Filter>UI</Filter>
    </CustomBuild>
    <CustomBuild Include="Delegate\NoFocusFrameDelegate.h">
      <Filter>Delegate</Filter>
    </CustomBuild>
    <CustomBuild Include="Dialog\ZegoMusicHookDialog.h">
      <Filter>AudioHook</Filter>
    </CustomBuild>
    <CustomBuild Include="ZegoMusicHookDialog.ui">
      <Filter>Form Files</Filter>
    </CustomBuild>
    <CustomBuild Include="UI\ZegoLogLabel.h">
      <Filter>UI</Filter>
    </CustomBuild>
  </ItemGroup>
  <ItemGroup>
    <ClInclude Include="GeneratedFiles\ui_ZegoMainDialog.h">
      <Filter>Generated Files</Filter>
    </ClInclude>
    <ClInclude Include="GeneratedFiles\ui_ZegoSettingsDialog.h">
      <Filter>Generated Files</Filter>
    </ClInclude>
    <ClInclude Include="GeneratedFiles\ui_ZegoVideoTalkDialog.h">
      <Filter>Generated Files</Filter>
    </ClInclude>
    <ClInclude Include="ZegoVideoTalkDemo.h">
      <Filter>Header Files</Filter>
    </ClInclude>
    <ClInclude Include="Base\ZegoBase.h">
      <Filter>Base</Filter>
    </ClInclude>
    <ClInclude Include="Config\ZegoUserConfig.h">
      <Filter>Config</Filter>
    </ClInclude>
    <ClInclude Include="Model\ZegoRoomModel.h">
      <Filter>Model</Filter>
    </ClInclude>
    <ClInclude Include="Model\ZegoRoomMsgModel.h">
      <Filter>Model</Filter>
    </ClInclude>
    <ClInclude Include="Model\ZegoStreamModel.h">
      <Filter>Model</Filter>
    </ClInclude>
    <ClInclude Include="Model\ZegoUserModel.h">
      <Filter>Model</Filter>
    </ClInclude>
    <ClInclude Include="Model\ZegoSettingsModel.h">
      <Filter>Model</Filter>
    </ClInclude>
    <ClInclude Include="GeneratedFiles\ui_ZegoMusicHookDialog.h">
      <Filter>Generated Files</Filter>
    </ClInclude>
    <ClInclude Include="SoftWareInfo\ZegoSoftWareInfo.h">
      <Filter>SoftWareInfo</Filter>
    </ClInclude>
  </ItemGroup>
  <ItemGroup>
    <None Include="Resources\EnterButton.qss">
      <Filter>Resource Files</Filter>
    </None>
    <None Include="videotalk_en.ts">
      <Filter>Translation Files</Filter>
    </None>
    <None Include="videotalk_zh.ts">
      <Filter>Translation Files</Filter>
    </None>
    <None Include="videotalk_en.qm">
      <Filter>translate_qm</Filter>
    </None>
    <None Include="videotalk_zh.qm">
      <Filter>translate_qm</Filter>
    </None>
  </ItemGroup>
  <ItemGroup>
    <Image Include="Resources\images\refresh.png">
      <Filter>Resource Files</Filter>
    </Image>
    <Image Include="Resources\images\down_arrow.png">
      <Filter>Resource Files</Filter>
    </Image>
    <Image Include="Resources\images\switch_off.png">
      <Filter>Resource Files</Filter>
    </Image>
    <Image Include="Resources\images\switch_on.png">
      <Filter>Resource Files</Filter>
    </Image>
    <Image Include="Resources\images\add_default.png">
      <Filter>Resource Files</Filter>
    </Image>
    <Image Include="Resources\images\sub_default.png">
      <Filter>Resource Files</Filter>
    </Image>
    <Image Include="Resources\images\add_hover.png">
      <Filter>Resource Files</Filter>
    </Image>
    <Image Include="Resources\images\sub_hover.png">
      <Filter>Resource Files</Filter>
    </Image>
    <Image Include="Resources\images\add_pressed.png">
      <Filter>Resource Files</Filter>
    </Image>
    <Image Include="Resources\images\sub_pressed.png">
      <Filter>Resource Files</Filter>
    </Image>
    <Image Include="Resources\images\handle_default.png">
      <Filter>Resource Files</Filter>
    </Image>
    <Image Include="Resources\images\handle_hover.png">
      <Filter>Resource Files</Filter>
    </Image>
    <Image Include="Resources\images\handle_pressed.png">
      <Filter>Resource Files</Filter>
    </Image>
    <Image Include="Resources\images\mircophone_off.png">
      <Filter>Resource Files</Filter>
    </Image>
    <Image Include="Resources\images\mircophone_on.png">
      <Filter>Resource Files</Filter>
    </Image>
    <Image Include="Resources\images\mircophone_disabled.png">
      <Filter>Resource Files</Filter>
    </Image>
    <Image Include="Resources\images\sound_off.png">
      <Filter>Resource Files</Filter>
    </Image>
    <Image Include="Resources\images\sound_on.png">
      <Filter>Resource Files</Filter>
    </Image>
    <Image Include="Resources\images\close.png">
      <Filter>Resource Files</Filter>
    </Image>
    <Image Include="Resources\images\max.png">
      <Filter>Resource Files</Filter>
    </Image>
    <Image Include="Resources\images\max_re.png">
      <Filter>Resource Files</Filter>
    </Image>
    <Image Include="Resources\images\min.png">
      <Filter>Resource Files</Filter>
    </Image>
    <Image Include="Resources\images\official.png">
      <Filter>Resource Files</Filter>
    </Image>
    <Image Include="Resources\VideoTalk.ico">
      <Filter>Resource Files</Filter>
    </Image>
  </ItemGroup>
  <ItemGroup>
    <ResourceCompile Include="Resources\res.rc">
      <Filter>Resource Files</Filter>
    </ResourceCompile>
  </ItemGroup>
</Project>